// !$*UTF8*$!
{
	archiveVersion = 1;
	classes = {
	};
	objectVersion = 46;
	objects = {

/* Begin PBXBuildFile section */
		5D23C056196323BE00053E65 /* NVHomeViewController.swift in Sources */ = {isa = PBXBuildFile; fileRef = 5D23C055196323BE00053E65 /* NVHomeViewController.swift */; };
		5D41359719632DF800DAC6C5 /* NVSettingsViewController.swift in Sources */ = {isa = PBXBuildFile; fileRef = 5D41359619632DF800DAC6C5 /* NVSettingsViewController.swift */; };
		5D41359B19635A5200DAC6C5 /* Item.swift in Sources */ = {isa = PBXBuildFile; fileRef = 5D41359A19635A5200DAC6C5 /* Item.swift */; };
		5D41359D1963651900DAC6C5 /* NVAddItemViewController.swift in Sources */ = {isa = PBXBuildFile; fileRef = 5D41359C1963651900DAC6C5 /* NVAddItemViewController.swift */; };
		5D5D41E1198ACB840069A58B /* ItemHelper.swift in Sources */ = {isa = PBXBuildFile; fileRef = 5D5D41E0198ACB840069A58B /* ItemHelper.swift */; };
		5D6815AF19748BBC002D2104 /* Environment.plist in Resources */ = {isa = PBXBuildFile; fileRef = 5D6815AE19748BBC002D2104 /* Environment.plist */; };
		5D8BE0141958C25B0030428C /* AppDelegate.swift in Sources */ = {isa = PBXBuildFile; fileRef = 5D8BE0131958C25B0030428C /* AppDelegate.swift */; };
		5D8BE0171958C25B0030428C /* swift_nV.xcdatamodeld in Sources */ = {isa = PBXBuildFile; fileRef = 5D8BE0151958C25B0030428C /* swift_nV.xcdatamodeld */; };
		5D8BE0191958C25B0030428C /* Images.xcassets in Resources */ = {isa = PBXBuildFile; fileRef = 5D8BE0181958C25B0030428C /* Images.xcassets */; };
		5D8BE02F1958C2D00030428C /* Main.storyboard in Resources */ = {isa = PBXBuildFile; fileRef = 5D8BE02E1958C2D00030428C /* Main.storyboard */; };
		5D8BE03E195A6BA30030428C /* NVLoginViewController.swift in Sources */ = {isa = PBXBuildFile; fileRef = 5D8BE03D195A6BA30030428C /* NVLoginViewController.swift */; };
		5D8BE040195B8FF30030428C /* NVRegisterViewController.swift in Sources */ = {isa = PBXBuildFile; fileRef = 5D8BE03F195B8FF30030428C /* NVRegisterViewController.swift */; };
		5D8BE044195E8C990030428C /* User.swift in Sources */ = {isa = PBXBuildFile; fileRef = 5D8BE043195E8C990030428C /* User.swift */; };
		5D988E0019A4470400E74A3F /* NVWebViewController.swift in Sources */ = {isa = PBXBuildFile; fileRef = 5D988DFF19A4470400E74A3F /* NVWebViewController.swift */; };
		5DA17F4519647A2100C805F2 /* NVItemsTableViewController.swift in Sources */ = {isa = PBXBuildFile; fileRef = 5DA17F4419647A2100C805F2 /* NVItemsTableViewController.swift */; };
		5DA17F471964D60300C805F2 /* NVEditItemViewController.swift in Sources */ = {isa = PBXBuildFile; fileRef = 5DA17F461964D60300C805F2 /* NVEditItemViewController.swift */; };
		5DA17F491965FCBD00C805F2 /* NVHelpViewController.swift in Sources */ = {isa = PBXBuildFile; fileRef = 5DA17F481965FCBD00C805F2 /* NVHelpViewController.swift */; };
		5DA17F4B196604B500C805F2 /* NVInitViewController.swift in Sources */ = {isa = PBXBuildFile; fileRef = 5DA17F4A196604B500C805F2 /* NVInitViewController.swift */; };
		8133383319828AD1004F1C31 /* Crypto.m in Sources */ = {isa = PBXBuildFile; fileRef = 8133383219828AD1004F1C31 /* Crypto.m */; };
/* End PBXBuildFile section */

/* Begin PBXContainerItemProxy section */
		5D2B81F91D99D5FC00315E5D /* PBXContainerItemProxy */ = {
			isa = PBXContainerItemProxy;
			containerPortal = 5D2B81F01D99D5FC00315E5D /* Locksmith.xcodeproj */;
			proxyType = 2;
			remoteGlobalIDString = 0EC25C591BA385AA004191AF;
			remoteInfo = "Locksmith iOS";
		};
		5D2B81FB1D99D5FC00315E5D /* PBXContainerItemProxy */ = {
			isa = PBXContainerItemProxy;
			containerPortal = 5D2B81F01D99D5FC00315E5D /* Locksmith.xcodeproj */;
			proxyType = 2;
			remoteGlobalIDString = 0EC25C621BA385AB004191AF;
			remoteInfo = "Locksmith iOS Tests";
		};
		5D2B81FD1D99D5FC00315E5D /* PBXContainerItemProxy */ = {
			isa = PBXContainerItemProxy;
			containerPortal = 5D2B81F01D99D5FC00315E5D /* Locksmith.xcodeproj */;
			proxyType = 2;
			remoteGlobalIDString = 0EC25C751BA385F6004191AF;
			remoteInfo = "Locksmith OS X";
		};
		5D2B81FF1D99D5FC00315E5D /* PBXContainerItemProxy */ = {
			isa = PBXContainerItemProxy;
			containerPortal = 5D2B81F01D99D5FC00315E5D /* Locksmith.xcodeproj */;
			proxyType = 2;
			remoteGlobalIDString = 0EC25C7E1BA385F6004191AF;
			remoteInfo = "Locksmith OS X Tests";
		};
		5D2B82011D99D5FC00315E5D /* PBXContainerItemProxy */ = {
			isa = PBXContainerItemProxy;
			containerPortal = 5D2B81F01D99D5FC00315E5D /* Locksmith.xcodeproj */;
			proxyType = 2;
			remoteGlobalIDString = 0EC25CA71BA39C9F004191AF;
			remoteInfo = "Locksmith watchOS";
		};
		5D2B82031D99D5FC00315E5D /* PBXContainerItemProxy */ = {
			isa = PBXContainerItemProxy;
			containerPortal = 5D2B81F01D99D5FC00315E5D /* Locksmith.xcodeproj */;
			proxyType = 2;
			remoteGlobalIDString = FBD0C9491C1866BE00291F2A;
			remoteInfo = "Locksmith tvOS";
		};
/* End PBXContainerItemProxy section */

/* Begin PBXCopyFilesBuildPhase section */
		5D2E37DE1D97381C00DD168C /* CopyFiles */ = {
			isa = PBXCopyFilesBuildPhase;
			buildActionMask = 2147483647;
			dstPath = "";
			dstSubfolderSpec = 10;
			files = (
			);
			runOnlyForDeploymentPostprocessing = 0;
		};
/* End PBXCopyFilesBuildPhase section */

/* Begin PBXFileReference section */
		5D23C055196323BE00053E65 /* NVHomeViewController.swift */ = {isa = PBXFileReference; fileEncoding = 4; lastKnownFileType = sourcecode.swift; path = NVHomeViewController.swift; sourceTree = "<group>"; };
		5D2B81F01D99D5FC00315E5D /* Locksmith.xcodeproj */ = {isa = PBXFileReference; lastKnownFileType = "wrapper.pb-project"; name = Locksmith.xcodeproj; path = Locksmith/Locksmith.xcodeproj; sourceTree = "<group>"; };
		5D41359619632DF800DAC6C5 /* NVSettingsViewController.swift */ = {isa = PBXFileReference; fileEncoding = 4; lastKnownFileType = sourcecode.swift; path = NVSettingsViewController.swift; sourceTree = "<group>"; };
		5D41359A19635A5200DAC6C5 /* Item.swift */ = {isa = PBXFileReference; fileEncoding = 4; lastKnownFileType = sourcecode.swift; path = Item.swift; sourceTree = "<group>"; };
		5D41359C1963651900DAC6C5 /* NVAddItemViewController.swift */ = {isa = PBXFileReference; fileEncoding = 4; lastKnownFileType = sourcecode.swift; path = NVAddItemViewController.swift; sourceTree = "<group>"; };
		5D5D41E0198ACB840069A58B /* ItemHelper.swift */ = {isa = PBXFileReference; fileEncoding = 4; lastKnownFileType = sourcecode.swift; path = ItemHelper.swift; sourceTree = "<group>"; };
		5D6815AE19748BBC002D2104 /* Environment.plist */ = {isa = PBXFileReference; fileEncoding = 4; lastKnownFileType = text.plist.xml; path = Environment.plist; sourceTree = "<group>"; };
		5D8BE00E1958C25B0030428C /* Swift.nV.app */ = {isa = PBXFileReference; explicitFileType = wrapper.application; includeInIndex = 0; path = Swift.nV.app; sourceTree = BUILT_PRODUCTS_DIR; };
		5D8BE0121958C25B0030428C /* Info.plist */ = {isa = PBXFileReference; lastKnownFileType = text.plist.xml; path = Info.plist; sourceTree = "<group>"; };
		5D8BE0131958C25B0030428C /* AppDelegate.swift */ = {isa = PBXFileReference; lastKnownFileType = sourcecode.swift; path = AppDelegate.swift; sourceTree = "<group>"; };
		5D8BE0161958C25B0030428C /* swift_nV.xcdatamodel */ = {isa = PBXFileReference; lastKnownFileType = wrapper.xcdatamodel; path = swift_nV.xcdatamodel; sourceTree = "<group>"; };
		5D8BE0181958C25B0030428C /* Images.xcassets */ = {isa = PBXFileReference; lastKnownFileType = folder.assetcatalog; path = Images.xcassets; sourceTree = "<group>"; };
		5D8BE02E1958C2D00030428C /* Main.storyboard */ = {isa = PBXFileReference; fileEncoding = 4; lastKnownFileType = file.storyboard; path = Main.storyboard; sourceTree = "<group>"; };
		5D8BE03D195A6BA30030428C /* NVLoginViewController.swift */ = {isa = PBXFileReference; fileEncoding = 4; lastKnownFileType = sourcecode.swift; path = NVLoginViewController.swift; sourceTree = "<group>"; };
		5D8BE03F195B8FF30030428C /* NVRegisterViewController.swift */ = {isa = PBXFileReference; fileEncoding = 4; lastKnownFileType = sourcecode.swift; path = NVRegisterViewController.swift; sourceTree = "<group>"; };
		5D8BE043195E8C990030428C /* User.swift */ = {isa = PBXFileReference; fileEncoding = 4; lastKnownFileType = sourcecode.swift; path = User.swift; sourceTree = "<group>"; };
		5D988DFF19A4470400E74A3F /* NVWebViewController.swift */ = {isa = PBXFileReference; fileEncoding = 4; lastKnownFileType = sourcecode.swift; path = NVWebViewController.swift; sourceTree = "<group>"; };
		5DA17F4419647A2100C805F2 /* NVItemsTableViewController.swift */ = {isa = PBXFileReference; fileEncoding = 4; lastKnownFileType = sourcecode.swift; path = NVItemsTableViewController.swift; sourceTree = "<group>"; };
		5DA17F461964D60300C805F2 /* NVEditItemViewController.swift */ = {isa = PBXFileReference; fileEncoding = 4; lastKnownFileType = sourcecode.swift; path = NVEditItemViewController.swift; sourceTree = "<group>"; };
		5DA17F481965FCBD00C805F2 /* NVHelpViewController.swift */ = {isa = PBXFileReference; fileEncoding = 4; lastKnownFileType = sourcecode.swift; path = NVHelpViewController.swift; sourceTree = "<group>"; };
		5DA17F4A196604B500C805F2 /* NVInitViewController.swift */ = {isa = PBXFileReference; fileEncoding = 4; lastKnownFileType = sourcecode.swift; path = NVInitViewController.swift; sourceTree = "<group>"; };
		5DE870731D932717002DABE4 /* swift.nV.entitlements */ = {isa = PBXFileReference; lastKnownFileType = text.plist.entitlements; name = swift.nV.entitlements; path = Swift.nV/swift.nV.entitlements; sourceTree = "<group>"; };
		8133383019828AB4004F1C31 /* Crypto.h */ = {isa = PBXFileReference; lastKnownFileType = sourcecode.c.h; path = Crypto.h; sourceTree = "<group>"; };
		8133383119828AD1004F1C31 /* swift.nV-Bridging-Header.h */ = {isa = PBXFileReference; lastKnownFileType = sourcecode.c.h; path = "swift.nV-Bridging-Header.h"; sourceTree = "<group>"; };
		8133383219828AD1004F1C31 /* Crypto.m */ = {isa = PBXFileReference; fileEncoding = 4; lastKnownFileType = sourcecode.c.objc; path = Crypto.m; sourceTree = "<group>"; };
/* End PBXFileReference section */

/* Begin PBXFrameworksBuildPhase section */
		5D8BE00B1958C25B0030428C /* Frameworks */ = {
			isa = PBXFrameworksBuildPhase;
			buildActionMask = 2147483647;
			files = (
			);
			runOnlyForDeploymentPostprocessing = 0;
		};
/* End PBXFrameworksBuildPhase section */

/* Begin PBXGroup section */
		5D2B81F11D99D5FC00315E5D /* Products */ = {
			isa = PBXGroup;
			children = (
				5D2B81FA1D99D5FC00315E5D /* Locksmith.framework */,
				5D2B81FC1D99D5FC00315E5D /* Locksmith iOS Tests.xctest */,
				5D2B81FE1D99D5FC00315E5D /* Locksmith.framework */,
				5D2B82001D99D5FC00315E5D /* Locksmith OS X Tests.xctest */,
				5D2B82021D99D5FC00315E5D /* Locksmith.framework */,
				5D2B82041D99D5FC00315E5D /* Locksmith.framework */,
			);
			name = Products;
			sourceTree = "<group>";
		};
		5D8BE0051958C25B0030428C = {
			isa = PBXGroup;
			children = (
				5D2B81F01D99D5FC00315E5D /* Locksmith.xcodeproj */,
				5DE870731D932717002DABE4 /* swift.nV.entitlements */,
				5D8BE0101958C25B0030428C /* swift.nV */,
				5D8BE00F1958C25B0030428C /* Products */,
			);
			sourceTree = "<group>";
		};
		5D8BE00F1958C25B0030428C /* Products */ = {
			isa = PBXGroup;
			children = (
				5D8BE00E1958C25B0030428C /* Swift.nV.app */,
			);
			name = Products;
			sourceTree = "<group>";
		};
		5D8BE0101958C25B0030428C /* swift.nV */ = {
			isa = PBXGroup;
			children = (
				5D8BE0131958C25B0030428C /* AppDelegate.swift */,
				5D8BE0181958C25B0030428C /* Images.xcassets */,
				5D8BE02E1958C2D00030428C /* Main.storyboard */,
				5DA17F481965FCBD00C805F2 /* NVHelpViewController.swift */,
				5DA17F4A196604B500C805F2 /* NVInitViewController.swift */,
				5D988DFF19A4470400E74A3F /* NVWebViewController.swift */,
				5DA17F4419647A2100C805F2 /* NVItemsTableViewController.swift */,
				5D41359C1963651900DAC6C5 /* NVAddItemViewController.swift */,
				5DA17F461964D60300C805F2 /* NVEditItemViewController.swift */,
				5D41359619632DF800DAC6C5 /* NVSettingsViewController.swift */,
				5D23C055196323BE00053E65 /* NVHomeViewController.swift */,
				5D8BE03D195A6BA30030428C /* NVLoginViewController.swift */,
				5D8BE03F195B8FF30030428C /* NVRegisterViewController.swift */,
				5D8BE0151958C25B0030428C /* swift_nV.xcdatamodeld */,
				5D41359A19635A5200DAC6C5 /* Item.swift */,
				5D5D41E0198ACB840069A58B /* ItemHelper.swift */,
				5D8BE043195E8C990030428C /* User.swift */,
				5D8BE0111958C25B0030428C /* Supporting Files */,
				8133383019828AB4004F1C31 /* Crypto.h */,
				8133383219828AD1004F1C31 /* Crypto.m */,
				8133383119828AD1004F1C31 /* swift.nV-Bridging-Header.h */,
			);
			name = swift.nV;
			path = Swift.nV;
			sourceTree = "<group>";
		};
		5D8BE0111958C25B0030428C /* Supporting Files */ = {
			isa = PBXGroup;
			children = (
				5D8BE0121958C25B0030428C /* Info.plist */,
				5D6815AE19748BBC002D2104 /* Environment.plist */,
			);
			name = "Supporting Files";
			sourceTree = "<group>";
		};
/* End PBXGroup section */

/* Begin PBXNativeTarget section */
		5D8BE00D1958C25B0030428C /* Swift.nV */ = {
			isa = PBXNativeTarget;
			buildConfigurationList = 5D8BE0281958C25B0030428C /* Build configuration list for PBXNativeTarget "Swift.nV" */;
			buildPhases = (
				5D8BE00A1958C25B0030428C /* Sources */,
				5D8BE00B1958C25B0030428C /* Frameworks */,
				5D8BE00C1958C25B0030428C /* Resources */,
				5D2E37DE1D97381C00DD168C /* CopyFiles */,
			);
			buildRules = (
			);
			dependencies = (
			);
			name = Swift.nV;
			productName = Swift.nV;
			productReference = 5D8BE00E1958C25B0030428C /* Swift.nV.app */;
			productType = "com.apple.product-type.application";
		};
/* End PBXNativeTarget section */

/* Begin PBXProject section */
		5D8BE0061958C25B0030428C /* Project object */ = {
			isa = PBXProject;
			attributes = {
				LastSwiftUpdateCheck = 0720;
				LastUpgradeCheck = 0800;
				ORGANIZATIONNAME = nVisium;
				TargetAttributes = {
					5D8BE00D1958C25B0030428C = {
						CreatedOnToolsVersion = 6.0;
						DevelopmentTeam = MJ97FDMT75;
						LastSwiftMigration = 0800;
						SystemCapabilities = {
							com.apple.Keychain = {
								enabled = 1;
							};
						};
					};
				};
			};
			buildConfigurationList = 5D8BE0091958C25B0030428C /* Build configuration list for PBXProject "swift.nV" */;
			compatibilityVersion = "Xcode 3.2";
			developmentRegion = English;
			hasScannedForEncodings = 0;
			knownRegions = (
				en,
			);
			mainGroup = 5D8BE0051958C25B0030428C;
			productRefGroup = 5D8BE00F1958C25B0030428C /* Products */;
			projectDirPath = "";
			projectReferences = (
				{
					ProductGroup = 5D2B81F11D99D5FC00315E5D /* Products */;
					ProjectRef = 5D2B81F01D99D5FC00315E5D /* Locksmith.xcodeproj */;
				},
			);
			projectRoot = "";
			targets = (
				5D8BE00D1958C25B0030428C /* Swift.nV */,
			);
		};
/* End PBXProject section */

/* Begin PBXReferenceProxy section */
		5D2B81FA1D99D5FC00315E5D /* Locksmith.framework */ = {
			isa = PBXReferenceProxy;
			fileType = wrapper.framework;
			path = Locksmith.framework;
			remoteRef = 5D2B81F91D99D5FC00315E5D /* PBXContainerItemProxy */;
			sourceTree = BUILT_PRODUCTS_DIR;
		};
		5D2B81FC1D99D5FC00315E5D /* Locksmith iOS Tests.xctest */ = {
			isa = PBXReferenceProxy;
			fileType = wrapper.cfbundle;
			path = "Locksmith iOS Tests.xctest";
			remoteRef = 5D2B81FB1D99D5FC00315E5D /* PBXContainerItemProxy */;
			sourceTree = BUILT_PRODUCTS_DIR;
		};
		5D2B81FE1D99D5FC00315E5D /* Locksmith.framework */ = {
			isa = PBXReferenceProxy;
			fileType = wrapper.framework;
			path = Locksmith.framework;
			remoteRef = 5D2B81FD1D99D5FC00315E5D /* PBXContainerItemProxy */;
			sourceTree = BUILT_PRODUCTS_DIR;
		};
		5D2B82001D99D5FC00315E5D /* Locksmith OS X Tests.xctest */ = {
			isa = PBXReferenceProxy;
			fileType = wrapper.cfbundle;
			path = "Locksmith OS X Tests.xctest";
			remoteRef = 5D2B81FF1D99D5FC00315E5D /* PBXContainerItemProxy */;
			sourceTree = BUILT_PRODUCTS_DIR;
		};
		5D2B82021D99D5FC00315E5D /* Locksmith.framework */ = {
			isa = PBXReferenceProxy;
			fileType = wrapper.framework;
			path = Locksmith.framework;
			remoteRef = 5D2B82011D99D5FC00315E5D /* PBXContainerItemProxy */;
			sourceTree = BUILT_PRODUCTS_DIR;
		};
		5D2B82041D99D5FC00315E5D /* Locksmith.framework */ = {
			isa = PBXReferenceProxy;
			fileType = wrapper.framework;
			path = Locksmith.framework;
			remoteRef = 5D2B82031D99D5FC00315E5D /* PBXContainerItemProxy */;
			sourceTree = BUILT_PRODUCTS_DIR;
		};
/* End PBXReferenceProxy section */

/* Begin PBXResourcesBuildPhase section */
		5D8BE00C1958C25B0030428C /* Resources */ = {
			isa = PBXResourcesBuildPhase;
			buildActionMask = 2147483647;
			files = (
				5D8BE0191958C25B0030428C /* Images.xcassets in Resources */,
				5D6815AF19748BBC002D2104 /* Environment.plist in Resources */,
				5D8BE02F1958C2D00030428C /* Main.storyboard in Resources */,
			);
			runOnlyForDeploymentPostprocessing = 0;
		};
/* End PBXResourcesBuildPhase section */

/* Begin PBXSourcesBuildPhase section */
		5D8BE00A1958C25B0030428C /* Sources */ = {
			isa = PBXSourcesBuildPhase;
			buildActionMask = 2147483647;
			files = (
				8133383319828AD1004F1C31 /* Crypto.m in Sources */,
				5D8BE0141958C25B0030428C /* AppDelegate.swift in Sources */,
				5DA17F471964D60300C805F2 /* NVEditItemViewController.swift in Sources */,
				5D8BE040195B8FF30030428C /* NVRegisterViewController.swift in Sources */,
				5D41359719632DF800DAC6C5 /* NVSettingsViewController.swift in Sources */,
				5D988E0019A4470400E74A3F /* NVWebViewController.swift in Sources */,
				5D8BE0171958C25B0030428C /* swift_nV.xcdatamodeld in Sources */,
				5D41359B19635A5200DAC6C5 /* Item.swift in Sources */,
				5D41359D1963651900DAC6C5 /* NVAddItemViewController.swift in Sources */,
				5D8BE044195E8C990030428C /* User.swift in Sources */,
				5DA17F4519647A2100C805F2 /* NVItemsTableViewController.swift in Sources */,
				5DA17F491965FCBD00C805F2 /* NVHelpViewController.swift in Sources */,
				5D8BE03E195A6BA30030428C /* NVLoginViewController.swift in Sources */,
				5D23C056196323BE00053E65 /* NVHomeViewController.swift in Sources */,
				5D5D41E1198ACB840069A58B /* ItemHelper.swift in Sources */,
				5DA17F4B196604B500C805F2 /* NVInitViewController.swift in Sources */,
			);
			runOnlyForDeploymentPostprocessing = 0;
		};
/* End PBXSourcesBuildPhase section */

/* Begin XCBuildConfiguration section */
		5D8BE0261958C25B0030428C /* Debug */ = {
			isa = XCBuildConfiguration;
			buildSettings = {
				ALWAYS_SEARCH_USER_PATHS = NO;
				CLANG_CXX_LANGUAGE_STANDARD = "gnu++0x";
				CLANG_CXX_LIBRARY = "libc++";
				CLANG_ENABLE_MODULES = YES;
				CLANG_ENABLE_OBJC_ARC = YES;
				CLANG_WARN_BOOL_CONVERSION = YES;
				CLANG_WARN_CONSTANT_CONVERSION = YES;
				CLANG_WARN_DIRECT_OBJC_ISA_USAGE = YES_ERROR;
				CLANG_WARN_EMPTY_BODY = YES;
				CLANG_WARN_ENUM_CONVERSION = YES;
				CLANG_WARN_INFINITE_RECURSION = YES;
				CLANG_WARN_INT_CONVERSION = YES;
				CLANG_WARN_OBJC_ROOT_CLASS = YES_ERROR;
				CLANG_WARN_SUSPICIOUS_MOVE = YES;
				CLANG_WARN_UNREACHABLE_CODE = YES;
				CLANG_WARN__DUPLICATE_METHOD_MATCH = YES;
				"CODE_SIGN_IDENTITY[sdk=iphoneos*]" = "iPhone Developer";
				COPY_PHASE_STRIP = NO;
				ENABLE_STRICT_OBJC_MSGSEND = YES;
				ENABLE_TESTABILITY = YES;
				GCC_C_LANGUAGE_STANDARD = gnu99;
				GCC_DYNAMIC_NO_PIC = NO;
				GCC_NO_COMMON_BLOCKS = YES;
				GCC_OPTIMIZATION_LEVEL = 0;
				GCC_PREPROCESSOR_DEFINITIONS = (
					"DEBUG=1",
					"$(inherited)",
				);
				GCC_SYMBOLS_PRIVATE_EXTERN = NO;
				GCC_WARN_64_TO_32_BIT_CONVERSION = YES;
				GCC_WARN_ABOUT_RETURN_TYPE = YES_ERROR;
				GCC_WARN_UNDECLARED_SELECTOR = YES;
				GCC_WARN_UNINITIALIZED_AUTOS = YES_AGGRESSIVE;
				GCC_WARN_UNUSED_FUNCTION = YES;
				GCC_WARN_UNUSED_VARIABLE = YES;
				IPHONEOS_DEPLOYMENT_TARGET = 8.0;
				METAL_ENABLE_DEBUG_INFO = YES;
				ONLY_ACTIVE_ARCH = YES;
				SDKROOT = iphoneos;
				SWIFT_OPTIMIZATION_LEVEL = "-Onone";
				TARGETED_DEVICE_FAMILY = "1,2";
			};
			name = Debug;
		};
		5D8BE0271958C25B0030428C /* Release */ = {
			isa = XCBuildConfiguration;
			buildSettings = {
				ALWAYS_SEARCH_USER_PATHS = NO;
				CLANG_CXX_LANGUAGE_STANDARD = "gnu++0x";
				CLANG_CXX_LIBRARY = "libc++";
				CLANG_ENABLE_MODULES = YES;
				CLANG_ENABLE_OBJC_ARC = YES;
				CLANG_WARN_BOOL_CONVERSION = YES;
				CLANG_WARN_CONSTANT_CONVERSION = YES;
				CLANG_WARN_DIRECT_OBJC_ISA_USAGE = YES_ERROR;
				CLANG_WARN_EMPTY_BODY = YES;
				CLANG_WARN_ENUM_CONVERSION = YES;
				CLANG_WARN_INFINITE_RECURSION = YES;
				CLANG_WARN_INT_CONVERSION = YES;
				CLANG_WARN_OBJC_ROOT_CLASS = YES_ERROR;
				CLANG_WARN_SUSPICIOUS_MOVE = YES;
				CLANG_WARN_UNREACHABLE_CODE = YES;
				CLANG_WARN__DUPLICATE_METHOD_MATCH = YES;
				"CODE_SIGN_IDENTITY[sdk=iphoneos*]" = "iPhone Developer";
				COPY_PHASE_STRIP = YES;
				ENABLE_NS_ASSERTIONS = NO;
				ENABLE_STRICT_OBJC_MSGSEND = YES;
				GCC_C_LANGUAGE_STANDARD = gnu99;
				GCC_NO_COMMON_BLOCKS = YES;
				GCC_WARN_64_TO_32_BIT_CONVERSION = YES;
				GCC_WARN_ABOUT_RETURN_TYPE = YES_ERROR;
				GCC_WARN_UNDECLARED_SELECTOR = YES;
				GCC_WARN_UNINITIALIZED_AUTOS = YES_AGGRESSIVE;
				GCC_WARN_UNUSED_FUNCTION = YES;
				GCC_WARN_UNUSED_VARIABLE = YES;
				IPHONEOS_DEPLOYMENT_TARGET = 8.0;
				METAL_ENABLE_DEBUG_INFO = NO;
				SDKROOT = iphoneos;
				"SWIFT_OBJC_BRIDGING_HEADER[arch=*]" = "Swift.nV.bridging-header.h";
				TARGETED_DEVICE_FAMILY = "1,2";
				VALIDATE_PRODUCT = YES;
			};
			name = Release;
		};
		5D8BE0291958C25B0030428C /* Debug */ = {
			isa = XCBuildConfiguration;
			buildSettings = {
				ASSETCATALOG_COMPILER_APPICON_NAME = AppIcon;
				ASSETCATALOG_COMPILER_LAUNCHIMAGE_NAME = LaunchImage;
				CLANG_ENABLE_MODULES = YES;
				CODE_SIGN_ENTITLEMENTS = Swift.nV/Swift.nV.entitlements;
				DEVELOPMENT_TEAM = MJ97FDMT75;
				INFOPLIST_FILE = Swift.nV/Info.plist;
				IPHONEOS_DEPLOYMENT_TARGET = 8.0;
				LD_RUNPATH_SEARCH_PATHS = "$(inherited) @executable_path/Frameworks";
				PRODUCT_BUNDLE_IDENTIFIER = "com.nvisium.${PRODUCT_NAME:rfc1034identifier}";
				PRODUCT_NAME = "$(TARGET_NAME)";
				SWIFT_OBJC_BRIDGING_HEADER = "Swift.nV/Swift.nV-Bridging-Header.h";
				SWIFT_OPTIMIZATION_LEVEL = "-Onone";
				SWIFT_VERSION = 2.3;
				TARGETED_DEVICE_FAMILY = "1,2";
			};
			name = Debug;
		};
		5D8BE02A1958C25B0030428C /* Release */ = {
			isa = XCBuildConfiguration;
			buildSettings = {
				ASSETCATALOG_COMPILER_APPICON_NAME = AppIcon;
				ASSETCATALOG_COMPILER_LAUNCHIMAGE_NAME = LaunchImage;
				CLANG_ENABLE_MODULES = YES;
				CODE_SIGN_ENTITLEMENTS = Swift.nV/Swift.nV.entitlements;
				DEVELOPMENT_TEAM = MJ97FDMT75;
				INFOPLIST_FILE = Swift.nV/Info.plist;
				IPHONEOS_DEPLOYMENT_TARGET = 8.0;
				LD_RUNPATH_SEARCH_PATHS = "$(inherited) @executable_path/Frameworks";
				PRODUCT_BUNDLE_IDENTIFIER = "com.nvisium.${PRODUCT_NAME:rfc1034identifier}";
				PRODUCT_NAME = "$(TARGET_NAME)";
				SWIFT_OBJC_BRIDGING_HEADER = "Swift.nV/Swift.nV-Bridging-Header.h";
				SWIFT_OPTIMIZATION_LEVEL = "-Owholemodule";
				SWIFT_VERSION = 2.3;
				TARGETED_DEVICE_FAMILY = "1,2";
			};
			name = Release;
		};
/* End XCBuildConfiguration section */

/* Begin XCConfigurationList section */
		5D8BE0091958C25B0030428C /* Build configuration list for PBXProject "swift.nV" */ = {
			isa = XCConfigurationList;
			buildConfigurations = (
				5D8BE0261958C25B0030428C /* Debug */,
				5D8BE0271958C25B0030428C /* Release */,
			);
			defaultConfigurationIsVisible = 0;
			defaultConfigurationName = Release;
		};
		5D8BE0281958C25B0030428C /* Build configuration list for PBXNativeTarget "Swift.nV" */ = {
			isa = XCConfigurationList;
			buildConfigurations = (
				5D8BE0291958C25B0030428C /* Debug */,
				5D8BE02A1958C25B0030428C /* Release */,
			);
			defaultConfigurationIsVisible = 0;
			defaultConfigurationName = Release;
		};
/* End XCConfigurationList section */

/* Begin XCVersionGroup section */
		5D8BE0151958C25B0030428C /* swift_nV.xcdatamodeld */ = {
			isa = XCVersionGroup;
			children = (
				5D8BE0161958C25B0030428C /* swift_nV.xcdatamodel */,
			);
			currentVersion = 5D8BE0161958C25B0030428C /* swift_nV.xcdatamodel */;
			path = swift_nV.xcdatamodeld;
			sourceTree = "<group>";
			versionGroupType = wrapper.xcdatamodel;
		};
/* End XCVersionGroup section */
	};
	rootObject = 5D8BE0061958C25B0030428C /* Project object */;
}
